{
  "originHash" : "4b1745fabc7608c1d0b2a05a0b55ab9998476ce1a80977e96a9504371ff1ce5b",
  "pins" : [
    {
      "identity" : "fluidaudio",
      "kind" : "remoteSourceControl",
      "location" : "https://github.com/FluidInference/FluidAudio.git",
      "state" : {
        "revision" : "9830ce835881c0d0d40f90aabfaae3a6da5bebfb",
        "version" : "0.12.4"
      }
    },
    {
      "identity" : "launchatlogin-modern",
      "kind" : "remoteSourceControl",
      "location" : "https://github.com/sindresorhus/LaunchAtLogin-Modern",
      "state" : {
        "revision" : "a04ec1c363be3627734f6dad757d82f5d4fa8fcc",
        "version" : "1.1.0"
      }
    },
    {
      "identity" : "sparkle",
      "kind" : "remoteSourceControl",
      "location" : "https://github.com/sparkle-project/Sparkle",
      "state" : {
        "revision" : "21d8df80440b1ca3b65fa82e40782f1e5a9e6ba2",
        "version" : "2.9.0"
      }
    },
    {
      "identity" : "swift-argument-parser",
      "kind" : "remoteSourceControl",
      "location" : "https://github.com/apple/swift-argument-parser.git",
      "state" : {
        "revision" : "c5d11a805e765f52ba34ec7284bd4fcd6ba68615",
        "version" : "1.7.0"
      }
    },
    {
      "identity" : "swift-asn1",
      "kind" : "remoteSourceControl",
      "location" : "https://github.com/apple/swift-asn1.git",
      "state" : {
        "revision" : "9f542610331815e29cc3821d3b6f488db8715517",
        "version" : "1.6.0"
      }
    },
    {
      "identity" : "swift-collections",
      "kind" : "remoteSourceControl",
      "location" : "https://github.com/apple/swift-collections.git",
      "state" : {
        "revision" : "6675bc0ff86e61436e615df6fc5174e043e57924",
        "version" : "1.4.1"
      }
    },
    {
      "identity" : "swift-crypto",
      "kind" : "remoteSourceControl",
      "location" : "https://github.com/apple/swift-crypto.git",
      "state" : {
        "revision" : "fa308c07a6fa04a727212d793e761460e41049c3",
        "version" : "4.3.0"
      }
    },
    {
      "identity" : "swift-jinja",
      "kind" : "remoteSourceControl",
      "location" : "https://github.com/huggingface/swift-jinja.git",
      "state" : {
        "revision" : "f731f03bf746481d4fda07f817c3774390c4d5b9",
        "version" : "2.3.2"
      }
    },
    {
      "identity" : "swift-transformers",
      "kind" : "remoteSourceControl",
      "location" : "https://github.com/huggingface/swift-transformers.git",
      "state" : {
        "revision" : "150169bfba0889c229a2ce7494cf8949f18e6906",
        "version" : "1.1.9"
      }
    },
    {
      "identity" : "whisperkit",
      "kind" : "remoteSourceControl",
      "location" : "https://github.com/argmaxinc/WhisperKit.git",
      "state" : {
        "revision" : "26577ce3017aae8c9edfd9a0dd17851bd248c731",
        "version" : "0.17.0"
      }
    },
    {
      "identity" : "yyjson",
      "kind" : "remoteSourceControl",
      "location" : "https://github.com/ibireme/yyjson.git",
      "state" : {
        "revision" : "8b4a38dc994a110abaec8a400615567bd996105f",
        "version" : "0.12.0"
      }
    }
  ],
  "version" : 3
}
